// !$*UTF8*$!
{
	archiveVersion = 1;
	classes = {
	};
	objectVersion = 50;
	objects = {

/* Begin PBXBuildFile section */
		FC87240526F432210010EDCE /* AppDelegate.m in Sources */ = {isa = PBXBuildFile; fileRef = FC87240426F432210010EDCE /* AppDelegate.m */; };
		FC87240B26F432210010EDCE /* ViewController.m in Sources */ = {isa = PBXBuildFile; fileRef = FC87240A26F432210010EDCE /* ViewController.m */; };
		FC87240E26F432210010EDCE /* Main.storyboard in Resources */ = {isa = PBXBuildFile; fileRef = FC87240C26F432210010EDCE /* Main.storyboard */; };
		FC87241026F432230010EDCE /* Assets.xcassets in Resources */ = {isa = PBXBuildFile; fileRef = FC87240F26F432230010EDCE /* Assets.xcassets */; };
		FC87241326F432230010EDCE /* LaunchScreen.storyboard in Resources */ = {isa = PBXBuildFile; fileRef = FC87241126F432230010EDCE /* LaunchScreen.storyboard */; };
		FC87241626F432230010EDCE /* main.m in Sources */ = {isa = PBXBuildFile; fileRef = FC87241526F432230010EDCE /* main.m */; };
		FC87242026F432240010EDCE /* toolsTests.m in Sources */ = {isa = PBXBuildFile; fileRef = FC87241F26F432240010EDCE /* toolsTests.m */; };
		FC87242B26F432240010EDCE /* toolsUITests.m in Sources */ = {isa = PBXBuildFile; fileRef = FC87242A26F432240010EDCE /* toolsUITests.m */; };
/* End PBXBuildFile section */

/* Begin PBXContainerItemProxy section */
		FC87241C26F432240010EDCE /* PBXContainerItemProxy */ = {
			isa = PBXContainerItemProxy;
			containerPortal = FC8723F826F432210010EDCE /* Project object */;
			proxyType = 1;
			remoteGlobalIDString = FC8723FF26F432210010EDCE;
			remoteInfo = tools;
		};
		FC87242726F432240010EDCE /* PBXContainerItemProxy */ = {
			isa = PBXContainerItemProxy;
			containerPortal = FC8723F826F432210010EDCE /* Project object */;
			proxyType = 1;
			remoteGlobalIDString = FC8723FF26F432210010EDCE;
			remoteInfo = tools;
		};
/* End PBXContainerItemProxy section */

/* Begin PBXFileReference section */
		FC87240026F432210010EDCE /* tools.app */ = {isa = PBXFileReference; explicitFileType = wrapper.application; includeInIndex = 0; path = tools.app; sourceTree = BUILT_PRODUCTS_DIR; };
		FC87240326F432210010EDCE /* AppDelegate.h */ = {isa = PBXFileReference; lastKnownFileType = sourcecode.c.h; path = AppDelegate.h; sourceTree = "<group>"; };
		FC87240426F432210010EDCE /* AppDelegate.m */ = {isa = PBXFileReference; lastKnownFileType = sourcecode.c.objc; path = AppDelegate.m; sourceTree = "<group>"; };
		FC87240926F432210010EDCE /* ViewController.h */ = {isa = PBXFileReference; lastKnownFileType = sourcecode.c.h; path = ViewController.h; sourceTree = "<group>"; };
		FC87240A26F432210010EDCE /* ViewController.m */ = {isa = PBXFileReference; lastKnownFileType = sourcecode.c.objc; path = ViewController.m; sourceTree = "<group>"; };
		FC87240D26F432210010EDCE /* Base */ = {isa = PBXFileReference; lastKnownFileType = file.storyboard; name = Base; path = Base.lproj/Main.storyboard; sourceTree = "<group>"; };
		FC87240F26F432230010EDCE /* Assets.xcassets */ = {isa = PBXFileReference; lastKnownFileType = folder.assetcatalog; path = Assets.xcassets; sourceTree = "<group>"; };
		FC87241226F432230010EDCE /* Base */ = {isa = PBXFileReference; lastKnownFileType = file.storyboard; name = Base; path = Base.lproj/LaunchScreen.storyboard; sourceTree = "<group>"; };
		FC87241426F432230010EDCE /* Info.plist */ = {isa = PBXFileReference; lastKnownFileType = text.plist.xml; path = Info.plist; sourceTree = "<group>"; };
		FC87241526F432230010EDCE /* main.m */ = {isa = PBXFileReference; lastKnownFileType = sourcecode.c.objc; path = main.m; sourceTree = "<group>"; };
		FC87241B26F432240010EDCE /* toolsTests.xctest */ = {isa = PBXFileReference; explicitFileType = wrapper.cfbundle; includeInIndex = 0; path = toolsTests.xctest; sourceTree = BUILT_PRODUCTS_DIR; };
		FC87241F26F432240010EDCE /* toolsTests.m */ = {isa = PBXFileReference; lastKnownFileType = sourcecode.c.objc; path = toolsTests.m; sourceTree = "<group>"; };
		FC87242126F432240010EDCE /* Info.plist */ = {isa = PBXFileReference; lastKnownFileType = text.plist.xml; path = Info.plist; sourceTree = "<group>"; };
		FC87242626F432240010EDCE /* toolsUITests.xctest */ = {isa = PBXFileReference; explicitFileType = wrapper.cfbundle; includeInIndex = 0; path = toolsUITests.xctest; sourceTree = BUILT_PRODUCTS_DIR; };
		FC87242A26F432240010EDCE /* toolsUITests.m */ = {isa = PBXFileReference; lastKnownFileType = sourcecode.c.objc; path = toolsUITests.m; sourceTree = "<group>"; };
		FC87242C26F432240010EDCE /* Info.plist */ = {isa = PBXFileReference; lastKnownFileType = text.plist.xml; path = Info.plist; sourceTree = "<group>"; };
/* End PBXFileReference section */

/* Begin PBXFrameworksBuildPhase section */
		FC8723FD26F432210010EDCE /* Frameworks */ = {
			isa = PBXFrameworksBuildPhase;
			buildActionMask = 2147483647;
			files = (
			);
			runOnlyForDeploymentPostprocessing = 0;
		};
		FC87241826F432240010EDCE /* Frameworks */ = {
			isa = PBXFrameworksBuildPhase;
			buildActionMask = 2147483647;
			files = (
			);
			runOnlyForDeploymentPostprocessing = 0;
		};
		FC87242326F432240010EDCE /* Frameworks */ = {
			isa = PBXFrameworksBuildPhase;
			buildActionMask = 2147483647;
			files = (
			);
			runOnlyForDeploymentPostprocessing = 0;
		};
/* End PBXFrameworksBuildPhase section */

/* Begin PBXGroup section */
		FC8723F726F432210010EDCE = {
			isa = PBXGroup;
			children = (
				FC87240226F432210010EDCE /* tools */,
				FC87241E26F432240010EDCE /* toolsTests */,
				FC87242926F432240010EDCE /* toolsUITests */,
				FC87240126F432210010EDCE /* Products */,
			);
			sourceTree = "<group>";
		};
		FC87240126F432210010EDCE /* Products */ = {
			isa = PBXGroup;
			children = (
				FC87240026F432210010EDCE /* tools.app */,
				FC87241B26F432240010EDCE /* toolsTests.xctest */,
				FC87242626F432240010EDCE /* toolsUITests.xctest */,
			);
			name = Products;
			sourceTree = "<group>";
		};
		FC87240226F432210010EDCE /* tools */ = {
			isa = PBXGroup;
			children = (
				FC87240326F432210010EDCE /* AppDelegate.h */,
				FC87240426F432210010EDCE /* AppDelegate.m */,
				FC87240926F432210010EDCE /* ViewController.h */,
				FC87240A26F432210010EDCE /* ViewController.m */,
				FC87240C26F432210010EDCE /* Main.storyboard */,
				FC87240F26F432230010EDCE /* Assets.xcassets */,
				FC87241126F432230010EDCE /* LaunchScreen.storyboard */,
				FC87241426F432230010EDCE /* Info.plist */,
				FC87241526F432230010EDCE /* main.m */,
			);
			path = tools;
			sourceTree = "<group>";
		};
		FC87241E26F432240010EDCE /* toolsTests */ = {
			isa = PBXGroup;
			children = (
				FC87241F26F432240010EDCE /* toolsTests.m */,
				FC87242126F432240010EDCE /* Info.plist */,
			);
			path = toolsTests;
			sourceTree = "<group>";
		};
		FC87242926F432240010EDCE /* toolsUITests */ = {
			isa = PBXGroup;
			children = (
				FC87242A26F432240010EDCE /* toolsUITests.m */,
				FC87242C26F432240010EDCE /* Info.plist */,
			);
			path = toolsUITests;
			sourceTree = "<group>";
		};
/* End PBXGroup section */

/* Begin PBXNativeTarget section */
		FC8723FF26F432210010EDCE /* tools */ = {
			isa = PBXNativeTarget;
			buildConfigurationList = FC87242F26F432240010EDCE /* Build configuration list for PBXNativeTarget "tools" */;
			buildPhases = (
				FC8723FC26F432210010EDCE /* Sources */,
				FC8723FD26F432210010EDCE /* Frameworks */,
				FC8723FE26F432210010EDCE /* Resources */,
			);
			buildRules = (
			);
			dependencies = (
			);
			name = tools;
			productName = tools;
			productReference = FC87240026F432210010EDCE /* tools.app */;
			productType = "com.apple.product-type.application";
		};
		FC87241A26F432240010EDCE /* toolsTests */ = {
			isa = PBXNativeTarget;
			buildConfigurationList = FC87243226F432240010EDCE /* Build configuration list for PBXNativeTarget "toolsTests" */;
			buildPhases = (
				FC87241726F432240010EDCE /* Sources */,
				FC87241826F432240010EDCE /* Frameworks */,
				FC87241926F432240010EDCE /* Resources */,
			);
			buildRules = (
			);
			dependencies = (
				FC87241D26F432240010EDCE /* PBXTargetDependency */,
			);
			name = toolsTests;
			productName = toolsTests;
			productReference = FC87241B26F432240010EDCE /* toolsTests.xctest */;
			productType = "com.apple.product-type.bundle.unit-test";
		};
		FC87242526F432240010EDCE /* toolsUITests */ = {
			isa = PBXNativeTarget;
			buildConfigurationList = FC87243526F432240010EDCE /* Build configuration list for PBXNativeTarget "toolsUITests" */;
			buildPhases = (
				FC87242226F432240010EDCE /* Sources */,
				FC87242326F432240010EDCE /* Frameworks */,
				FC87242426F432240010EDCE /* Resources */,
			);
			buildRules = (
			);
			dependencies = (
				FC87242826F432240010EDCE /* PBXTargetDependency */,
			);
			name = toolsUITests;
			productName = toolsUITests;
			productReference = FC87242626F432240010EDCE /* toolsUITests.xctest */;
			productType = "com.apple.product-type.bundle.ui-testing";
		};
/* End PBXNativeTarget section */

/* Begin PBXProject section */
		FC8723F826F432210010EDCE /* Project object */ = {
			isa = PBXProject;
			attributes = {
				LastUpgradeCheck = 1250;
				TargetAttributes = {
					FC8723FF26F432210010EDCE = {
						CreatedOnToolsVersion = 12.5.1;
					};
					FC87241A26F432240010EDCE = {
						CreatedOnToolsVersion = 12.5.1;
						TestTargetID = FC8723FF26F432210010EDCE;
					};
					FC87242526F432240010EDCE = {
						CreatedOnToolsVersion = 12.5.1;
						TestTargetID = FC8723FF26F432210010EDCE;
					};
				};
			};
			buildConfigurationList = FC8723FB26F432210010EDCE /* Build configuration list for PBXProject "tools" */;
			compatibilityVersion = "Xcode 9.3";
			developmentRegion = en;
			hasScannedForEncodings = 0;
			knownRegions = (
				en,
				Base,
			);
			mainGroup = FC8723F726F432210010EDCE;
			productRefGroup = FC87240126F432210010EDCE /* Products */;
			projectDirPath = "";
			projectRoot = "";
			targets = (
				FC8723FF26F432210010EDCE /* tools */,
				FC87241A26F432240010EDCE /* toolsTests */,
				FC87242526F432240010EDCE /* toolsUITests */,
			);
		};
/* End PBXProject section */

/* Begin PBXResourcesBuildPhase section */
		FC8723FE26F432210010EDCE /* Resources */ = {
			isa = PBXResourcesBuildPhase;
			buildActionMask = 2147483647;
			files = (
				FC87241326F432230010EDCE /* LaunchScreen.storyboard in Resources */,
				FC87241026F432230010EDCE /* Assets.xcassets in Resources */,
				FC87240E26F432210010EDCE /* Main.storyboard in Resources */,
			);
			runOnlyForDeploymentPostprocessing = 0;
		};
		FC87241926F432240010EDCE /* Resources */ = {
			isa = PBXResourcesBuildPhase;
			buildActionMask = 2147483647;
			files = (
			);
			runOnlyForDeploymentPostprocessing = 0;
		};
		FC87242426F432240010EDCE /* Resources */ = {
			isa = PBXResourcesBuildPhase;
			buildActionMask = 2147483647;
			files = (
			);
			runOnlyForDeploymentPostprocessing = 0;
		};
/* End PBXResourcesBuildPhase section */

/* Begin PBXSourcesBuildPhase section */
		FC8723FC26F432210010EDCE /* Sources */ = {
			isa = PBXSourcesBuildPhase;
			buildActionMask = 2147483647;
			files = (
				FC87240B26F432210010EDCE /* ViewController.m in Sources */,
				FC87240526F432210010EDCE /* AppDelegate.m in Sources */,
				FC87241626F432230010EDCE /* main.m in Sources */,
			);
			runOnlyForDeploymentPostprocessing = 0;
		};
		FC87241726F432240010EDCE /* Sources */ = {
			isa = PBXSourcesBuildPhase;
			buildActionMask = 2147483647;
			files = (
				FC87242026F432240010EDCE /* toolsTests.m in Sources */,
			);
			runOnlyForDeploymentPostprocessing = 0;
		};
		FC87242226F432240010EDCE /* Sources */ = {
			isa = PBXSourcesBuildPhase;
			buildActionMask = 2147483647;
			files = (
				FC87242B26F432240010EDCE /* toolsUITests.m in Sources */,
			);
			runOnlyForDeploymentPostprocessing = 0;
		};
/* End PBXSourcesBuildPhase section */

/* Begin PBXTargetDependency section */
		FC87241D26F432240010EDCE /* PBXTargetDependency */ = {
			isa = PBXTargetDependency;
			target = FC8723FF26F432210010EDCE /* tools */;
			targetProxy = FC87241C26F432240010EDCE /* PBXContainerItemProxy */;
		};
		FC87242826F432240010EDCE /* PBXTargetDependency */ = {
			isa = PBXTargetDependency;
			target = FC8723FF26F432210010EDCE /* tools */;
			targetProxy = FC87242726F432240010EDCE /* PBXContainerItemProxy */;
		};
/* End PBXTargetDependency section */

/* Begin PBXVariantGroup section */
		FC87240C26F432210010EDCE /* Main.storyboard */ = {
			isa = PBXVariantGroup;
			children = (
				FC87240D26F432210010EDCE /* Base */,
			);
			name = Main.storyboard;
			sourceTree = "<group>";
		};
		FC87241126F432230010EDCE /* LaunchScreen.storyboard */ = {
			isa = PBXVariantGroup;
			children = (
				FC87241226F432230010EDCE /* Base */,
			);
			name = LaunchScreen.storyboard;
			sourceTree = "<group>";
		};
/* End PBXVariantGroup section */

/* Begin XCBuildConfiguration section */
		FC87242D26F432240010EDCE /* Debug */ = {
			isa = XCBuildConfiguration;
			buildSettings = {
				ALWAYS_SEARCH_USER_PATHS = NO;
				CLANG_ANALYZER_NONNULL = YES;
				CLANG_ANALYZER_NUMBER_OBJECT_CONVERSION = YES_AGGRESSIVE;
				CLANG_CXX_LANGUAGE_STANDARD = "gnu++14";
				CLANG_CXX_LIBRARY = "libc++";
				CLANG_ENABLE_MODULES = YES;
				CLANG_ENABLE_OBJC_ARC = YES;
				CLANG_ENABLE_OBJC_WEAK = YES;
				CLANG_WARN_BLOCK_CAPTURE_AUTORELEASING = YES;
				CLANG_WARN_BOOL_CONVERSION = YES;
				CLANG_WARN_COMMA = YES;
				CLANG_WARN_CONSTANT_CONVERSION = YES;
				CLANG_WARN_DEPRECATED_OBJC_IMPLEMENTATIONS = YES;
				CLANG_WARN_DIRECT_OBJC_ISA_USAGE = YES_ERROR;
				CLANG_WARN_DOCUMENTATION_COMMENTS = YES;
				CLANG_WARN_EMPTY_BODY = YES;
				CLANG_WARN_ENUM_CONVERSION = YES;
				CLANG_WARN_INFINITE_RECURSION = YES;
				CLANG_WARN_INT_CONVERSION = YES;
				CLANG_WARN_NON_LITERAL_NULL_CONVERSION = YES;
				CLANG_WARN_OBJC_IMPLICIT_RETAIN_SELF = YES;
				CLANG_WARN_OBJC_LITERAL_CONVERSION = YES;
				CLANG_WARN_OBJC_ROOT_CLASS = YES_ERROR;
				CLANG_WARN_QUOTED_INCLUDE_IN_FRAMEWORK_HEADER = YES;
				CLANG_WARN_RANGE_LOOP_ANALYSIS = YES;
				CLANG_WARN_STRICT_PROTOTYPES = YES;
				CLANG_WARN_SUSPICIOUS_MOVE = YES;
				CLANG_WARN_UNGUARDED_AVAILABILITY = YES_AGGRESSIVE;
				CLANG_WARN_UNREACHABLE_CODE = YES;
				CLANG_WARN__DUPLICATE_METHOD_MATCH = YES;
				COPY_PHASE_STRIP = NO;
				DEBUG_INFORMATION_FORMAT = dwarf;
				ENABLE_STRICT_OBJC_MSGSEND = YES;
				ENABLE_TESTABILITY = YES;
				GCC_C_LANGUAGE_STANDARD = gnu11;
				GCC_DYNAMIC_NO_PIC = NO;
				GCC_NO_COMMON_BLOCKS = YES;
				GCC_OPTIMIZATION_LEVEL = 0;
				GCC_PREPROCESSOR_DEFINITIONS = (
					"DEBUG=1",
					"$(inherited)",
				);
				GCC_WARN_64_TO_32_BIT_CONVERSION = YES;
				GCC_WARN_ABOUT_RETURN_TYPE = YES_ERROR;
				GCC_WARN_UNDECLARED_SELECTOR = YES;
				GCC_WARN_UNINITIALIZED_AUTOS = YES_AGGRESSIVE;
				GCC_WARN_UNUSED_FUNCTION = YES;
				GCC_WARN_UNUSED_VARIABLE = YES;
				IPHONEOS_DEPLOYMENT_TARGET = 14.5;
				MTL_ENABLE_DEBUG_INFO = INCLUDE_SOURCE;
				MTL_FAST_MATH = YES;
				ONLY_ACTIVE_ARCH = YES;
				SDKROOT = iphoneos;
			};
			name = Debug;
		};
		FC87242E26F432240010EDCE /* Release */ = {
			isa = XCBuildConfiguration;
			buildSettings = {
				ALWAYS_SEARCH_USER_PATHS = NO;
				CLANG_ANALYZER_NONNULL = YES;
				CLANG_ANALYZER_NUMBER_OBJECT_CONVERSION = YES_AGGRESSIVE;
				CLANG_CXX_LANGUAGE_STANDARD = "gnu++14";
				CLANG_CXX_LIBRARY = "libc++";
				CLANG_ENABLE_MODULES = YES;
				CLANG_ENABLE_OBJC_ARC = YES;
				CLANG_ENABLE_OBJC_WEAK = YES;
				CLANG_WARN_BLOCK_CAPTURE_AUTORELEASING = YES;
				CLANG_WARN_BOOL_CONVERSION = YES;
				CLANG_WARN_COMMA = YES;
				CLANG_WARN_CONSTANT_CONVERSION = YES;
				CLANG_WARN_DEPRECATED_OBJC_IMPLEMENTATIONS = YES;
				CLANG_WARN_DIRECT_OBJC_ISA_USAGE = YES_ERROR;
				CLANG_WARN_DOCUMENTATION_COMMENTS = YES;
				CLANG_WARN_EMPTY_BODY = YES;
				CLANG_WARN_ENUM_CONVERSION = YES;
				CLANG_WARN_INFINITE_RECURSION = YES;
				CLANG_WARN_INT_CONVERSION = YES;
				CLANG_WARN_NON_LITERAL_NULL_CONVERSION = YES;
				CLANG_WARN_OBJC_IMPLICIT_RETAIN_SELF = YES;
				CLANG_WARN_OBJC_LITERAL_CONVERSION = YES;
				CLANG_WARN_OBJC_ROOT_CLASS = YES_ERROR;
				CLANG_WARN_QUOTED_INCLUDE_IN_FRAMEWORK_HEADER = YES;
				CLANG_WARN_RANGE_LOOP_ANALYSIS = YES;
				CLANG_WARN_STRICT_PROTOTYPES = YES;
				CLANG_WARN_SUSPICIOUS_MOVE = YES;
				CLANG_WARN_UNGUARDED_AVAILABILITY = YES_AGGRESSIVE;
				CLANG_WARN_UNREACHABLE_CODE = YES;
				CLANG_WARN__DUPLICATE_METHOD_MATCH = YES;
				COPY_PHASE_STRIP = NO;
				DEBUG_INFORMATION_FORMAT = "dwarf-with-dsym";
				ENABLE_NS_ASSERTIONS = NO;
				ENABLE_STRICT_OBJC_MSGSEND = YES;
				GCC_C_LANGUAGE_STANDARD = gnu11;
				GCC_NO_COMMON_BLOCKS = YES;
				GCC_WARN_64_TO_32_BIT_CONVERSION = YES;
				GCC_WARN_ABOUT_RETURN_TYPE = YES_ERROR;
				GCC_WARN_UNDECLARED_SELECTOR = YES;
				GCC_WARN_UNINITIALIZED_AUTOS = YES_AGGRESSIVE;
				GCC_WARN_UNUSED_FUNCTION = YES;
				GCC_WARN_UNUSED_VARIABLE = YES;
				IPHONEOS_DEPLOYMENT_TARGET = 14.5;
				MTL_ENABLE_DEBUG_INFO = NO;
				MTL_FAST_MATH = YES;
				SDKROOT = iphoneos;
				VALIDATE_PRODUCT = YES;
			};
			name = Release;
		};
		FC87243026F432240010EDCE /* Debug */ = {
			isa = XCBuildConfiguration;
			buildSettings = {
				ASSETCATALOG_COMPILER_APPICON_NAME = AppIcon;
				ASSETCATALOG_COMPILER_GLOBAL_ACCENT_COLOR_NAME = AccentColor;
				CODE_SIGN_STYLE = Automatic;
				DEVELOPMENT_TEAM = C8CUK24KSS;
				INFOPLIST_FILE = tools/Info.plist;
				LD_RUNPATH_SEARCH_PATHS = (
					"$(inherited)",
					"@executable_path/Frameworks",
				);
				PRODUCT_BUNDLE_IDENTIFIER = com.qh.tools;
				PRODUCT_NAME = "$(TARGET_NAME)";
				TARGETED_DEVICE_FAMILY = "1,2";
			};
			name = Debug;
		};
		FC87243126F432240010EDCE /* Release */ = {
			isa = XCBuildConfiguration;
			buildSettings = {
				ASSETCATALOG_COMPILER_APPICON_NAME = AppIcon;
				ASSETCATALOG_COMPILER_GLOBAL_ACCENT_COLOR_NAME = AccentColor;
				CODE_SIGN_STYLE = Automatic;
				DEVELOPMENT_TEAM = C8CUK24KSS;
				INFOPLIST_FILE = tools/Info.plist;
				LD_RUNPATH_SEARCH_PATHS = (
					"$(inherited)",
					"@executable_path/Frameworks",
				);
				PRODUCT_BUNDLE_IDENTIFIER = com.qh.tools;
				PRODUCT_NAME = "$(TARGET_NAME)";
				TARGETED_DEVICE_FAMILY = "1,2";
			};
			name = Release;
		};
		FC87243326F432240010EDCE /* Debug */ = {
			isa = XCBuildConfiguration;
			buildSettings = {
				BUNDLE_LOADER = "$(TEST_HOST)";
				CODE_SIGN_STYLE = Automatic;
				DEVELOPMENT_TEAM = C8CUK24KSS;
				INFOPLIST_FILE = toolsTests/Info.plist;
				IPHONEOS_DEPLOYMENT_TARGET = 14.5;
				LD_RUNPATH_SEARCH_PATHS = (
					"$(inherited)",
					"@executable_path/Frameworks",
					"@loader_path/Frameworks",
				);
				PRODUCT_BUNDLE_IDENTIFIER = com.qh.toolsTests;
				PRODUCT_NAME = "$(TARGET_NAME)";
				TARGETED_DEVICE_FAMILY = "1,2";
				TEST_HOST = "$(BUILT_PRODUCTS_DIR)/tools.app/tools";
			};
			name = Debug;
		};
		FC87243426F432240010EDCE /* Release */ = {
			isa = XCBuildConfiguration;
			buildSettings = {
				BUNDLE_LOADER = "$(TEST_HOST)";
				CODE_SIGN_STYLE = Automatic;
				DEVELOPMENT_TEAM = C8CUK24KSS;
				INFOPLIST_FILE = toolsTests/Info.plist;
				IPHONEOS_DEPLOYMENT_TARGET = 14.5;
				LD_RUNPATH_SEARCH_PATHS = (
					"$(inherited)",
					"@executable_path/Frameworks",
					"@loader_path/Frameworks",
				);
				PRODUCT_BUNDLE_IDENTIFIER = com.qh.toolsTests;
				PRODUCT_NAME = "$(TARGET_NAME)";
				TARGETED_DEVICE_FAMILY = "1,2";
				TEST_HOST = "$(BUILT_PRODUCTS_DIR)/tools.app/tools";
			};
			name = Release;
		};
		FC87243626F432240010EDCE /* Debug */ = {
			isa = XCBuildConfiguration;
			buildSettings = {
				CODE_SIGN_STYLE = Automatic;
				DEVELOPMENT_TEAM = C8CUK24KSS;
				INFOPLIST_FILE = toolsUITests/Info.plist;
				LD_RUNPATH_SEARCH_PATHS = (
					"$(inherited)",
					"@executable_path/Frameworks",
					"@loader_path/Frameworks",
				);
				PRODUCT_BUNDLE_IDENTIFIER = com.qh.toolsUITests;
				PRODUCT_NAME = "$(TARGET_NAME)";
				TARGETED_DEVICE_FAMILY = "1,2";
				TEST_TARGET_NAME = tools;
			};
			name = Debug;
		};
		FC87243726F432240010EDCE /* Release */ = {
			isa = XCBuildConfiguration;
			buildSettings = {
				CODE_SIGN_STYLE = Automatic;
				DEVELOPMENT_TEAM = C8CUK24KSS;
				INFOPLIST_FILE = toolsUITests/Info.plist;
				LD_RUNPATH_SEARCH_PATHS = (
					"$(inherited)",
					"@executable_path/Frameworks",
					"@loader_path/Frameworks",
				);
				PRODUCT_BUNDLE_IDENTIFIER = com.qh.toolsUITests;
				PRODUCT_NAME = "$(TARGET_NAME)";
				TARGETED_DEVICE_FAMILY = "1,2";
				TEST_TARGET_NAME = tools;
			};
			name = Release;
		};
/* End XCBuildConfiguration section */

/* Begin XCConfigurationList section */
		FC8723FB26F432210010EDCE /* Build configuration list for PBXProject "tools" */ = {
			isa = XCConfigurationList;
			buildConfigurations = (
				FC87242D26F432240010EDCE /* Debug */,
				FC87242E26F432240010EDCE /* Release */,
			);
			defaultConfigurationIsVisible = 0;
			defaultConfigurationName = Release;
		};
		FC87242F26F432240010EDCE /* Build configuration list for PBXNativeTarget "tools" */ = {
			isa = XCConfigurationList;
			buildConfigurations = (
				FC87243026F432240010EDCE /* Debug */,
				FC87243126F432240010EDCE /* Release */,
			);
			defaultConfigurationIsVisible = 0;
			defaultConfigurationName = Release;
		};
		FC87243226F432240010EDCE /* Build configuration list for PBXNativeTarget "toolsTests" */ = {
			isa = XCConfigurationList;
			buildConfigurations = (
				FC87243326F432240010EDCE /* Debug */,
				FC87243426F432240010EDCE /* Release */,
			);
			defaultConfigurationIsVisible = 0;
			defaultConfigurationName = Release;
		};
		FC87243526F432240010EDCE /* Build configuration list for PBXNativeTarget "toolsUITests" */ = {
			isa = XCConfigurationList;
			buildConfigurations = (
				FC87243626F432240010EDCE /* Debug */,
				FC87243726F432240010EDCE /* Release */,
			);
			defaultConfigurationIsVisible = 0;
			defaultConfigurationName = Release;
		};
/* End XCConfigurationList section */
	};
	rootObject = FC8723F826F432210010EDCE /* Project object */;
}
