// !$*UTF8*$!
{
	archiveVersion = 1;
	classes = {
	};
	objectVersion = 51;
	objects = {

/* Begin PBXBuildFile section */
		08504825565B44623BC99BD3 /* Pods_XXTools_XXToolsUITests.framework in Frameworks */ = {isa = PBXBuildFile; fileRef = 47D18673A2F869DA82092054 /* Pods_XXTools_XXToolsUITests.framework */; };
		26F9287AB5CB310776D7FE4F /* Pods_XXTools.framework in Frameworks */ = {isa = PBXBuildFile; fileRef = 1E3828EDC690479905C889E6 /* Pods_XXTools.framework */; };
		821057A52324354E27C3510A /* Pods_XXToolsTests.framework in Frameworks */ = {isa = PBXBuildFile; fileRef = 1DD2E77804D89D80932B599A /* Pods_XXToolsTests.framework */; };
		FC87240526F432210010EDCE /* AppDelegate.m in Sources */ = {isa = PBXBuildFile; fileRef = FC87240426F432210010EDCE /* AppDelegate.m */; };
		FC87240B26F432210010EDCE /* ViewController.m in Sources */ = {isa = PBXBuildFile; fileRef = FC87240A26F432210010EDCE /* ViewController.m */; };
		FC87240E26F432210010EDCE /* Main.storyboard in Resources */ = {isa = PBXBuildFile; fileRef = FC87240C26F432210010EDCE /* Main.storyboard */; };
		FC87241026F432230010EDCE /* Assets.xcassets in Resources */ = {isa = PBXBuildFile; fileRef = FC87240F26F432230010EDCE /* Assets.xcassets */; };
		FC87241326F432230010EDCE /* LaunchScreen.storyboard in Resources */ = {isa = PBXBuildFile; fileRef = FC87241126F432230010EDCE /* LaunchScreen.storyboard */; };
		FC87241626F432230010EDCE /* main.m in Sources */ = {isa = PBXBuildFile; fileRef = FC87241526F432230010EDCE /* main.m */; };
		FC87248026F4358E0010EDCE /* ImageTool.m in Sources */ = {isa = PBXBuildFile; fileRef = FC87243926F4358D0010EDCE /* ImageTool.m */; };
		FC87248126F4358E0010EDCE /* Tools.m in Sources */ = {isa = PBXBuildFile; fileRef = FC87243A26F4358D0010EDCE /* Tools.m */; };
		FC87248226F4358E0010EDCE /* EncryptTool.m in Sources */ = {isa = PBXBuildFile; fileRef = FC87243B26F4358D0010EDCE /* EncryptTool.m */; };
		FC87248426F4358E0010EDCE /* DateTool.m in Sources */ = {isa = PBXBuildFile; fileRef = FC87243D26F4358D0010EDCE /* DateTool.m */; };
		FC87248526F4358E0010EDCE /* SandBoxTool.m in Sources */ = {isa = PBXBuildFile; fileRef = FC87243E26F4358D0010EDCE /* SandBoxTool.m */; };
		FC87248626F4358E0010EDCE /* MainScreenConfig.m in Sources */ = {isa = PBXBuildFile; fileRef = FC87244126F4358D0010EDCE /* MainScreenConfig.m */; };
		FC87248726F4358E0010EDCE /* UserDefaultTool.m in Sources */ = {isa = PBXBuildFile; fileRef = FC87244326F4358D0010EDCE /* UserDefaultTool.m */; };
		FC87248826F4358E0010EDCE /* AnimationTool.m in Sources */ = {isa = PBXBuildFile; fileRef = FC87244426F4358D0010EDCE /* AnimationTool.m */; };
		FC87248926F4358E0010EDCE /* TransformTool.m in Sources */ = {isa = PBXBuildFile; fileRef = FC87244A26F4358D0010EDCE /* TransformTool.m */; };
		FC87248A26F4358E0010EDCE /* CheckTool.m in Sources */ = {isa = PBXBuildFile; fileRef = FC87244B26F4358D0010EDCE /* CheckTool.m */; };
		FC87248B26F4358E0010EDCE /* GravityInductionTool.m in Sources */ = {isa = PBXBuildFile; fileRef = FC87244F26F4358D0010EDCE /* GravityInductionTool.m */; };
		FC87248C26F4358E0010EDCE /* StringTool.m in Sources */ = {isa = PBXBuildFile; fileRef = FC87245226F4358D0010EDCE /* StringTool.m */; };
		FC87248F26F4358E0010EDCE /* XXLabel.m in Sources */ = {isa = PBXBuildFile; fileRef = FC87245B26F4358D0010EDCE /* XXLabel.m */; };
		FC87249026F4358E0010EDCE /* XXTextView.m in Sources */ = {isa = PBXBuildFile; fileRef = FC87245C26F4358D0010EDCE /* XXTextView.m */; };
		FC87249126F4358E0010EDCE /* XXButton.m in Sources */ = {isa = PBXBuildFile; fileRef = FC87245D26F4358D0010EDCE /* XXButton.m */; };
		FC87249A26F4358E0010EDCE /* UILabel+Extension.m in Sources */ = {isa = PBXBuildFile; fileRef = FC87247426F4358E0010EDCE /* UILabel+Extension.m */; };
		FC87249B26F4358E0010EDCE /* UIControl+Extension.m in Sources */ = {isa = PBXBuildFile; fileRef = FC87247526F4358E0010EDCE /* UIControl+Extension.m */; };
		FC87249C26F4358E0010EDCE /* UIViewController+Extension.m in Sources */ = {isa = PBXBuildFile; fileRef = FC87247826F4358E0010EDCE /* UIViewController+Extension.m */; };
		FC87249D26F4358E0010EDCE /* UIImage+Extension.m in Sources */ = {isa = PBXBuildFile; fileRef = FC87247926F4358E0010EDCE /* UIImage+Extension.m */; };
		FC87249E26F4358E0010EDCE /* UIButton+Extension.m in Sources */ = {isa = PBXBuildFile; fileRef = FC87247E26F4358E0010EDCE /* UIButton+Extension.m */; };
		FC87249F26F4358E0010EDCE /* UIView+Extension.m in Sources */ = {isa = PBXBuildFile; fileRef = FC87247F26F4358E0010EDCE /* UIView+Extension.m */; };
		FC8724A126F436210010EDCE /* XXTextField.m in Sources */ = {isa = PBXBuildFile; fileRef = FC8724A026F436210010EDCE /* XXTextField.m */; };
		FC8724A426F4C7C30010EDCE /* XXBaseViewController.m in Sources */ = {isa = PBXBuildFile; fileRef = FC8724A326F4C7C30010EDCE /* XXBaseViewController.m */; };
/* End PBXBuildFile section */

/* Begin PBXContainerItemProxy section */
		FC87241C26F432240010EDCE /* PBXContainerItemProxy */ = {
			isa = PBXContainerItemProxy;
			containerPortal = FC8723F826F432210010EDCE /* Project object */;
			proxyType = 1;
			remoteGlobalIDString = FC8723FF26F432210010EDCE;
			remoteInfo = tools;
		};
		FC87242726F432240010EDCE /* PBXContainerItemProxy */ = {
			isa = PBXContainerItemProxy;
			containerPortal = FC8723F826F432210010EDCE /* Project object */;
			proxyType = 1;
			remoteGlobalIDString = FC8723FF26F432210010EDCE;
			remoteInfo = tools;
		};
/* End PBXContainerItemProxy section */

/* Begin PBXFileReference section */
		01E489A8C3FCC7CA5353BBFE /* Pods-XXToolsTests.debug.xcconfig */ = {isa = PBXFileReference; includeInIndex = 1; lastKnownFileType = text.xcconfig; name = "Pods-XXToolsTests.debug.xcconfig"; path = "Target Support Files/Pods-XXToolsTests/Pods-XXToolsTests.debug.xcconfig"; sourceTree = "<group>"; };
		1DD2E77804D89D80932B599A /* Pods_XXToolsTests.framework */ = {isa = PBXFileReference; explicitFileType = wrapper.framework; includeInIndex = 0; path = Pods_XXToolsTests.framework; sourceTree = BUILT_PRODUCTS_DIR; };
		1E3828EDC690479905C889E6 /* Pods_XXTools.framework */ = {isa = PBXFileReference; explicitFileType = wrapper.framework; includeInIndex = 0; path = Pods_XXTools.framework; sourceTree = BUILT_PRODUCTS_DIR; };
		294417A47F4EF85792B00DCE /* Pods-XXTools-XXToolsUITests.debug.xcconfig */ = {isa = PBXFileReference; includeInIndex = 1; lastKnownFileType = text.xcconfig; name = "Pods-XXTools-XXToolsUITests.debug.xcconfig"; path = "Target Support Files/Pods-XXTools-XXToolsUITests/Pods-XXTools-XXToolsUITests.debug.xcconfig"; sourceTree = "<group>"; };
		3B75D908671E75C0865F0DD5 /* Pods-XXTools.release.xcconfig */ = {isa = PBXFileReference; includeInIndex = 1; lastKnownFileType = text.xcconfig; name = "Pods-XXTools.release.xcconfig"; path = "Target Support Files/Pods-XXTools/Pods-XXTools.release.xcconfig"; sourceTree = "<group>"; };
		47D18673A2F869DA82092054 /* Pods_XXTools_XXToolsUITests.framework */ = {isa = PBXFileReference; explicitFileType = wrapper.framework; includeInIndex = 0; path = Pods_XXTools_XXToolsUITests.framework; sourceTree = BUILT_PRODUCTS_DIR; };
		53653998DC93F6C8FB2A487E /* Pods-XXTools-XXToolsUITests.release.xcconfig */ = {isa = PBXFileReference; includeInIndex = 1; lastKnownFileType = text.xcconfig; name = "Pods-XXTools-XXToolsUITests.release.xcconfig"; path = "Target Support Files/Pods-XXTools-XXToolsUITests/Pods-XXTools-XXToolsUITests.release.xcconfig"; sourceTree = "<group>"; };
		910373C6D4279ED9F23E0062 /* Pods-XXToolsTests.release.xcconfig */ = {isa = PBXFileReference; includeInIndex = 1; lastKnownFileType = text.xcconfig; name = "Pods-XXToolsTests.release.xcconfig"; path = "Target Support Files/Pods-XXToolsTests/Pods-XXToolsTests.release.xcconfig"; sourceTree = "<group>"; };
		F45C3A9CEAADDB41B6587EA5 /* Pods-XXTools.debug.xcconfig */ = {isa = PBXFileReference; includeInIndex = 1; lastKnownFileType = text.xcconfig; name = "Pods-XXTools.debug.xcconfig"; path = "Target Support Files/Pods-XXTools/Pods-XXTools.debug.xcconfig"; sourceTree = "<group>"; };
		FC87240026F432210010EDCE /* XXTools.app */ = {isa = PBXFileReference; explicitFileType = wrapper.application; includeInIndex = 0; path = XXTools.app; sourceTree = BUILT_PRODUCTS_DIR; };
		FC87240326F432210010EDCE /* AppDelegate.h */ = {isa = PBXFileReference; lastKnownFileType = sourcecode.c.h; path = AppDelegate.h; sourceTree = "<group>"; };
		FC87240426F432210010EDCE /* AppDelegate.m */ = {isa = PBXFileReference; lastKnownFileType = sourcecode.c.objc; path = AppDelegate.m; sourceTree = "<group>"; };
		FC87240926F432210010EDCE /* ViewController.h */ = {isa = PBXFileReference; lastKnownFileType = sourcecode.c.h; path = ViewController.h; sourceTree = "<group>"; };
		FC87240A26F432210010EDCE /* ViewController.m */ = {isa = PBXFileReference; lastKnownFileType = sourcecode.c.objc; path = ViewController.m; sourceTree = "<group>"; };
		FC87240D26F432210010EDCE /* Base */ = {isa = PBXFileReference; lastKnownFileType = file.storyboard; name = Base; path = Base.lproj/Main.storyboard; sourceTree = "<group>"; };
		FC87240F26F432230010EDCE /* Assets.xcassets */ = {isa = PBXFileReference; lastKnownFileType = folder.assetcatalog; path = Assets.xcassets; sourceTree = "<group>"; };
		FC87241226F432230010EDCE /* Base */ = {isa = PBXFileReference; lastKnownFileType = file.storyboard; name = Base; path = Base.lproj/LaunchScreen.storyboard; sourceTree = "<group>"; };
		FC87241426F432230010EDCE /* Info.plist */ = {isa = PBXFileReference; lastKnownFileType = text.plist.xml; path = Info.plist; sourceTree = "<group>"; };
		FC87241526F432230010EDCE /* main.m */ = {isa = PBXFileReference; lastKnownFileType = sourcecode.c.objc; path = main.m; sourceTree = "<group>"; };
		FC87241B26F432240010EDCE /* XXToolsTests.xctest */ = {isa = PBXFileReference; explicitFileType = wrapper.cfbundle; includeInIndex = 0; path = XXToolsTests.xctest; sourceTree = BUILT_PRODUCTS_DIR; };
		FC87242626F432240010EDCE /* XXToolsUITests.xctest */ = {isa = PBXFileReference; explicitFileType = wrapper.cfbundle; includeInIndex = 0; path = XXToolsUITests.xctest; sourceTree = BUILT_PRODUCTS_DIR; };
		FC87243926F4358D0010EDCE /* ImageTool.m */ = {isa = PBXFileReference; fileEncoding = 4; lastKnownFileType = sourcecode.c.objc; path = ImageTool.m; sourceTree = "<group>"; };
		FC87243A26F4358D0010EDCE /* Tools.m */ = {isa = PBXFileReference; fileEncoding = 4; lastKnownFileType = sourcecode.c.objc; path = Tools.m; sourceTree = "<group>"; };
		FC87243B26F4358D0010EDCE /* EncryptTool.m */ = {isa = PBXFileReference; fileEncoding = 4; lastKnownFileType = sourcecode.c.objc; path = EncryptTool.m; sourceTree = "<group>"; };
		FC87243D26F4358D0010EDCE /* DateTool.m */ = {isa = PBXFileReference; fileEncoding = 4; lastKnownFileType = sourcecode.c.objc; path = DateTool.m; sourceTree = "<group>"; };
		FC87243E26F4358D0010EDCE /* SandBoxTool.m */ = {isa = PBXFileReference; fileEncoding = 4; lastKnownFileType = sourcecode.c.objc; path = SandBoxTool.m; sourceTree = "<group>"; };
		FC87243F26F4358D0010EDCE /* CheckTool.h */ = {isa = PBXFileReference; fileEncoding = 4; lastKnownFileType = sourcecode.c.h; path = CheckTool.h; sourceTree = "<group>"; };
		FC87244026F4358D0010EDCE /* TransformTool.h */ = {isa = PBXFileReference; fileEncoding = 4; lastKnownFileType = sourcecode.c.h; path = TransformTool.h; sourceTree = "<group>"; };
		FC87244126F4358D0010EDCE /* MainScreenConfig.m */ = {isa = PBXFileReference; fileEncoding = 4; lastKnownFileType = sourcecode.c.objc; path = MainScreenConfig.m; sourceTree = "<group>"; };
		FC87244226F4358D0010EDCE /* StringTool.h */ = {isa = PBXFileReference; fileEncoding = 4; lastKnownFileType = sourcecode.c.h; path = StringTool.h; sourceTree = "<group>"; };
		FC87244326F4358D0010EDCE /* UserDefaultTool.m */ = {isa = PBXFileReference; fileEncoding = 4; lastKnownFileType = sourcecode.c.objc; path = UserDefaultTool.m; sourceTree = "<group>"; };
		FC87244426F4358D0010EDCE /* AnimationTool.m */ = {isa = PBXFileReference; fileEncoding = 4; lastKnownFileType = sourcecode.c.objc; path = AnimationTool.m; sourceTree = "<group>"; };
		FC87244526F4358D0010EDCE /* GravityInductionTool.h */ = {isa = PBXFileReference; fileEncoding = 4; lastKnownFileType = sourcecode.c.h; path = GravityInductionTool.h; sourceTree = "<group>"; };
		FC87244626F4358D0010EDCE /* EncryptTool.h */ = {isa = PBXFileReference; fileEncoding = 4; lastKnownFileType = sourcecode.c.h; path = EncryptTool.h; sourceTree = "<group>"; };
		FC87244726F4358D0010EDCE /* Tools.h */ = {isa = PBXFileReference; fileEncoding = 4; lastKnownFileType = sourcecode.c.h; path = Tools.h; sourceTree = "<group>"; };
		FC87244826F4358D0010EDCE /* ImageTool.h */ = {isa = PBXFileReference; fileEncoding = 4; lastKnownFileType = sourcecode.c.h; path = ImageTool.h; sourceTree = "<group>"; };
		FC87244926F4358D0010EDCE /* MainScreenConfig.h */ = {isa = PBXFileReference; fileEncoding = 4; lastKnownFileType = sourcecode.c.h; path = MainScreenConfig.h; sourceTree = "<group>"; };
		FC87244A26F4358D0010EDCE /* TransformTool.m */ = {isa = PBXFileReference; fileEncoding = 4; lastKnownFileType = sourcecode.c.objc; path = TransformTool.m; sourceTree = "<group>"; };
		FC87244B26F4358D0010EDCE /* CheckTool.m */ = {isa = PBXFileReference; fileEncoding = 4; lastKnownFileType = sourcecode.c.objc; path = CheckTool.m; sourceTree = "<group>"; };
		FC87244C26F4358D0010EDCE /* SandBoxTool.h */ = {isa = PBXFileReference; fileEncoding = 4; lastKnownFileType = sourcecode.c.h; path = SandBoxTool.h; sourceTree = "<group>"; };
		FC87244D26F4358D0010EDCE /* DateTool.h */ = {isa = PBXFileReference; fileEncoding = 4; lastKnownFileType = sourcecode.c.h; path = DateTool.h; sourceTree = "<group>"; };
		FC87244F26F4358D0010EDCE /* GravityInductionTool.m */ = {isa = PBXFileReference; fileEncoding = 4; lastKnownFileType = sourcecode.c.objc; path = GravityInductionTool.m; sourceTree = "<group>"; };
		FC87245026F4358D0010EDCE /* AnimationTool.h */ = {isa = PBXFileReference; fileEncoding = 4; lastKnownFileType = sourcecode.c.h; path = AnimationTool.h; sourceTree = "<group>"; };
		FC87245126F4358D0010EDCE /* UserDefaultTool.h */ = {isa = PBXFileReference; fileEncoding = 4; lastKnownFileType = sourcecode.c.h; path = UserDefaultTool.h; sourceTree = "<group>"; };
		FC87245226F4358D0010EDCE /* StringTool.m */ = {isa = PBXFileReference; fileEncoding = 4; lastKnownFileType = sourcecode.c.objc; path = StringTool.m; sourceTree = "<group>"; };
		FC87245526F4358D0010EDCE /* XXTextView.h */ = {isa = PBXFileReference; fileEncoding = 4; lastKnownFileType = sourcecode.c.h; path = XXTextView.h; sourceTree = "<group>"; };
		FC87245626F4358D0010EDCE /* XXLabel.h */ = {isa = PBXFileReference; fileEncoding = 4; lastKnownFileType = sourcecode.c.h; path = XXLabel.h; sourceTree = "<group>"; };
		FC87245826F4358D0010EDCE /* XXButton.h */ = {isa = PBXFileReference; fileEncoding = 4; lastKnownFileType = sourcecode.c.h; path = XXButton.h; sourceTree = "<group>"; };
		FC87245926F4358D0010EDCE /* XXTextField.h */ = {isa = PBXFileReference; fileEncoding = 4; lastKnownFileType = sourcecode.c.h; path = XXTextField.h; sourceTree = "<group>"; };
		FC87245B26F4358D0010EDCE /* XXLabel.m */ = {isa = PBXFileReference; fileEncoding = 4; lastKnownFileType = sourcecode.c.objc; path = XXLabel.m; sourceTree = "<group>"; };
		FC87245C26F4358D0010EDCE /* XXTextView.m */ = {isa = PBXFileReference; fileEncoding = 4; lastKnownFileType = sourcecode.c.objc; path = XXTextView.m; sourceTree = "<group>"; };
		FC87245D26F4358D0010EDCE /* XXButton.m */ = {isa = PBXFileReference; fileEncoding = 4; lastKnownFileType = sourcecode.c.objc; path = XXButton.m; sourceTree = "<group>"; };
		FC87247426F4358E0010EDCE /* UILabel+Extension.m */ = {isa = PBXFileReference; fileEncoding = 4; lastKnownFileType = sourcecode.c.objc; path = "UILabel+Extension.m"; sourceTree = "<group>"; };
		FC87247526F4358E0010EDCE /* UIControl+Extension.m */ = {isa = PBXFileReference; fileEncoding = 4; lastKnownFileType = sourcecode.c.objc; path = "UIControl+Extension.m"; sourceTree = "<group>"; };
		FC87247626F4358E0010EDCE /* UIView+Extension.h */ = {isa = PBXFileReference; fileEncoding = 4; lastKnownFileType = sourcecode.c.h; path = "UIView+Extension.h"; sourceTree = "<group>"; };
		FC87247726F4358E0010EDCE /* UIButton+Extension.h */ = {isa = PBXFileReference; fileEncoding = 4; lastKnownFileType = sourcecode.c.h; path = "UIButton+Extension.h"; sourceTree = "<group>"; };
		FC87247826F4358E0010EDCE /* UIViewController+Extension.m */ = {isa = PBXFileReference; fileEncoding = 4; lastKnownFileType = sourcecode.c.objc; path = "UIViewController+Extension.m"; sourceTree = "<group>"; };
		FC87247926F4358E0010EDCE /* UIImage+Extension.m */ = {isa = PBXFileReference; fileEncoding = 4; lastKnownFileType = sourcecode.c.objc; path = "UIImage+Extension.m"; sourceTree = "<group>"; };
		FC87247A26F4358E0010EDCE /* UILabel+Extension.h */ = {isa = PBXFileReference; fileEncoding = 4; lastKnownFileType = sourcecode.c.h; path = "UILabel+Extension.h"; sourceTree = "<group>"; };
		FC87247B26F4358E0010EDCE /* UIControl+Extension.h */ = {isa = PBXFileReference; fileEncoding = 4; lastKnownFileType = sourcecode.c.h; path = "UIControl+Extension.h"; sourceTree = "<group>"; };
		FC87247C26F4358E0010EDCE /* UIImage+Extension.h */ = {isa = PBXFileReference; fileEncoding = 4; lastKnownFileType = sourcecode.c.h; path = "UIImage+Extension.h"; sourceTree = "<group>"; };
		FC87247D26F4358E0010EDCE /* UIViewController+Extension.h */ = {isa = PBXFileReference; fileEncoding = 4; lastKnownFileType = sourcecode.c.h; path = "UIViewController+Extension.h"; sourceTree = "<group>"; };
		FC87247E26F4358E0010EDCE /* UIButton+Extension.m */ = {isa = PBXFileReference; fileEncoding = 4; lastKnownFileType = sourcecode.c.objc; path = "UIButton+Extension.m"; sourceTree = "<group>"; };
		FC87247F26F4358E0010EDCE /* UIView+Extension.m */ = {isa = PBXFileReference; fileEncoding = 4; lastKnownFileType = sourcecode.c.objc; path = "UIView+Extension.m"; sourceTree = "<group>"; };
		FC8724A026F436210010EDCE /* XXTextField.m */ = {isa = PBXFileReference; fileEncoding = 4; lastKnownFileType = sourcecode.c.objc; path = XXTextField.m; sourceTree = "<group>"; };
		FC8724A226F4C7C30010EDCE /* XXBaseViewController.h */ = {isa = PBXFileReference; lastKnownFileType = sourcecode.c.h; path = XXBaseViewController.h; sourceTree = "<group>"; };
		FC8724A326F4C7C30010EDCE /* XXBaseViewController.m */ = {isa = PBXFileReference; lastKnownFileType = sourcecode.c.objc; path = XXBaseViewController.m; sourceTree = "<group>"; };
		FC8724A626F57A840010EDCE /* XXTools.h */ = {isa = PBXFileReference; lastKnownFileType = sourcecode.c.h; path = XXTools.h; sourceTree = "<group>"; };
/* End PBXFileReference section */

/* Begin PBXFrameworksBuildPhase section */
		FC8723FD26F432210010EDCE /* Frameworks */ = {
			isa = PBXFrameworksBuildPhase;
			buildActionMask = 2147483647;
			files = (
				26F9287AB5CB310776D7FE4F /* Pods_XXTools.framework in Frameworks */,
			);
			runOnlyForDeploymentPostprocessing = 0;
		};
		FC87241826F432240010EDCE /* Frameworks */ = {
			isa = PBXFrameworksBuildPhase;
			buildActionMask = 2147483647;
			files = (
				821057A52324354E27C3510A /* Pods_XXToolsTests.framework in Frameworks */,
			);
			runOnlyForDeploymentPostprocessing = 0;
		};
		FC87242326F432240010EDCE /* Frameworks */ = {
			isa = PBXFrameworksBuildPhase;
			buildActionMask = 2147483647;
			files = (
				08504825565B44623BC99BD3 /* Pods_XXTools_XXToolsUITests.framework in Frameworks */,
			);
			runOnlyForDeploymentPostprocessing = 0;
		};
/* End PBXFrameworksBuildPhase section */

/* Begin PBXGroup section */
		D1C2328D2CCE178A686B2D50 /* Frameworks */ = {
			isa = PBXGroup;
			children = (
				1E3828EDC690479905C889E6 /* Pods_XXTools.framework */,
				47D18673A2F869DA82092054 /* Pods_XXTools_XXToolsUITests.framework */,
				1DD2E77804D89D80932B599A /* Pods_XXToolsTests.framework */,
			);
			name = Frameworks;
			sourceTree = "<group>";
		};
		D870F786B31B829E7DC388DD /* Pods */ = {
			isa = PBXGroup;
			children = (
				F45C3A9CEAADDB41B6587EA5 /* Pods-XXTools.debug.xcconfig */,
				3B75D908671E75C0865F0DD5 /* Pods-XXTools.release.xcconfig */,
				294417A47F4EF85792B00DCE /* Pods-XXTools-XXToolsUITests.debug.xcconfig */,
				53653998DC93F6C8FB2A487E /* Pods-XXTools-XXToolsUITests.release.xcconfig */,
				01E489A8C3FCC7CA5353BBFE /* Pods-XXToolsTests.debug.xcconfig */,
				910373C6D4279ED9F23E0062 /* Pods-XXToolsTests.release.xcconfig */,
			);
			path = Pods;
			sourceTree = "<group>";
		};
		FC8723F726F432210010EDCE = {
			isa = PBXGroup;
			children = (
				FC87240226F432210010EDCE /* XXTools */,
				FC87240126F432210010EDCE /* Products */,
				D870F786B31B829E7DC388DD /* Pods */,
				D1C2328D2CCE178A686B2D50 /* Frameworks */,
			);
			sourceTree = "<group>";
		};
		FC87240126F432210010EDCE /* Products */ = {
			isa = PBXGroup;
			children = (
				FC87240026F432210010EDCE /* XXTools.app */,
				FC87241B26F432240010EDCE /* XXToolsTests.xctest */,
				FC87242626F432240010EDCE /* XXToolsUITests.xctest */,
			);
			name = Products;
			sourceTree = "<group>";
		};
		FC87240226F432210010EDCE /* XXTools */ = {
			isa = PBXGroup;
			children = (
				FC8724A526F579CD0010EDCE /* XXTools */,
				FC87240326F432210010EDCE /* AppDelegate.h */,
				FC87240426F432210010EDCE /* AppDelegate.m */,
				FC87240926F432210010EDCE /* ViewController.h */,
				FC87240A26F432210010EDCE /* ViewController.m */,
				FC87240C26F432210010EDCE /* Main.storyboard */,
				FC87240F26F432230010EDCE /* Assets.xcassets */,
				FC87241126F432230010EDCE /* LaunchScreen.storyboard */,
				FC87241526F432230010EDCE /* main.m */,
			);
			path = XXTools;
			sourceTree = "<group>";
		};
		FC87243826F4358D0010EDCE /* Tools */ = {
			isa = PBXGroup;
			children = (
				FC87244826F4358D0010EDCE /* ImageTool.h */,
				FC87243926F4358D0010EDCE /* ImageTool.m */,
				FC87244726F4358D0010EDCE /* Tools.h */,
				FC87243A26F4358D0010EDCE /* Tools.m */,
				FC87244626F4358D0010EDCE /* EncryptTool.h */,
				FC87243B26F4358D0010EDCE /* EncryptTool.m */,
				FC87244D26F4358D0010EDCE /* DateTool.h */,
				FC87243D26F4358D0010EDCE /* DateTool.m */,
				FC87244C26F4358D0010EDCE /* SandBoxTool.h */,
				FC87243E26F4358D0010EDCE /* SandBoxTool.m */,
				FC87244026F4358D0010EDCE /* TransformTool.h */,
				FC87244A26F4358D0010EDCE /* TransformTool.m */,
				FC87244926F4358D0010EDCE /* MainScreenConfig.h */,
				FC87244126F4358D0010EDCE /* MainScreenConfig.m */,
				FC87245126F4358D0010EDCE /* UserDefaultTool.h */,
				FC87244326F4358D0010EDCE /* UserDefaultTool.m */,
				FC87243F26F4358D0010EDCE /* CheckTool.h */,
				FC87244B26F4358D0010EDCE /* CheckTool.m */,
				FC87244526F4358D0010EDCE /* GravityInductionTool.h */,
				FC87244F26F4358D0010EDCE /* GravityInductionTool.m */,
				FC87245026F4358D0010EDCE /* AnimationTool.h */,
				FC87244426F4358D0010EDCE /* AnimationTool.m */,
				FC87244226F4358D0010EDCE /* StringTool.h */,
				FC87245226F4358D0010EDCE /* StringTool.m */,
			);
			path = Tools;
			sourceTree = "<group>";
		};
		FC87245326F4358D0010EDCE /* Extends */ = {
			isa = PBXGroup;
			children = (
				FC87245926F4358D0010EDCE /* XXTextField.h */,
				FC8724A026F436210010EDCE /* XXTextField.m */,
				FC87245626F4358D0010EDCE /* XXLabel.h */,
				FC87245B26F4358D0010EDCE /* XXLabel.m */,
				FC87245526F4358D0010EDCE /* XXTextView.h */,
				FC87245C26F4358D0010EDCE /* XXTextView.m */,
				FC87245826F4358D0010EDCE /* XXButton.h */,
				FC87245D26F4358D0010EDCE /* XXButton.m */,
				FC8724A226F4C7C30010EDCE /* XXBaseViewController.h */,
				FC8724A326F4C7C30010EDCE /* XXBaseViewController.m */,
			);
			path = Extends;
			sourceTree = "<group>";
		};
		FC87247326F4358E0010EDCE /* Category */ = {
			isa = PBXGroup;
			children = (
				FC87247A26F4358E0010EDCE /* UILabel+Extension.h */,
				FC87247426F4358E0010EDCE /* UILabel+Extension.m */,
				FC87247B26F4358E0010EDCE /* UIControl+Extension.h */,
				FC87247526F4358E0010EDCE /* UIControl+Extension.m */,
				FC87247D26F4358E0010EDCE /* UIViewController+Extension.h */,
				FC87247826F4358E0010EDCE /* UIViewController+Extension.m */,
				FC87247C26F4358E0010EDCE /* UIImage+Extension.h */,
				FC87247926F4358E0010EDCE /* UIImage+Extension.m */,
				FC87247726F4358E0010EDCE /* UIButton+Extension.h */,
				FC87247E26F4358E0010EDCE /* UIButton+Extension.m */,
				FC87247626F4358E0010EDCE /* UIView+Extension.h */,
				FC87247F26F4358E0010EDCE /* UIView+Extension.m */,
			);
			path = Category;
			sourceTree = "<group>";
		};
		FC8724A526F579CD0010EDCE /* XXTools */ = {
			isa = PBXGroup;
			children = (
				FC87247326F4358E0010EDCE /* Category */,
				FC87243826F4358D0010EDCE /* Tools */,
				FC87245326F4358D0010EDCE /* Extends */,
				FC8724A626F57A840010EDCE /* XXTools.h */,
				FC87241426F432230010EDCE /* Info.plist */,
			);
			path = XXTools;
			sourceTree = "<group>";
		};
/* End PBXGroup section */

/* Begin PBXNativeTarget section */
		FC8723FF26F432210010EDCE /* XXTools */ = {
			isa = PBXNativeTarget;
			buildConfigurationList = FC87242F26F432240010EDCE /* Build configuration list for PBXNativeTarget "XXTools" */;
			buildPhases = (
				C5714B225CF49CCB2A67889E /* [CP] Check Pods Manifest.lock */,
				FC8723FC26F432210010EDCE /* Sources */,
				FC8723FD26F432210010EDCE /* Frameworks */,
				FC8723FE26F432210010EDCE /* Resources */,
				8C5FD7372EFC90BCBF04A380 /* [CP] Embed Pods Frameworks */,
			);
			buildRules = (
			);
			dependencies = (
			);
			name = XXTools;
			productName = tools;
			productReference = FC87240026F432210010EDCE /* XXTools.app */;
			productType = "com.apple.product-type.application";
		};
		FC87241A26F432240010EDCE /* XXToolsTests */ = {
			isa = PBXNativeTarget;
			buildConfigurationList = FC87243226F432240010EDCE /* Build configuration list for PBXNativeTarget "XXToolsTests" */;
			buildPhases = (
				448B993B0807CE02743FCEF3 /* [CP] Check Pods Manifest.lock */,
				FC87241726F432240010EDCE /* Sources */,
				FC87241826F432240010EDCE /* Frameworks */,
				FC87241926F432240010EDCE /* Resources */,
			);
			buildRules = (
			);
			dependencies = (
				FC87241D26F432240010EDCE /* PBXTargetDependency */,
			);
			name = XXToolsTests;
			productName = toolsTests;
			productReference = FC87241B26F432240010EDCE /* XXToolsTests.xctest */;
			productType = "com.apple.product-type.bundle.unit-test";
		};
		FC87242526F432240010EDCE /* XXToolsUITests */ = {
			isa = PBXNativeTarget;
			buildConfigurationList = FC87243526F432240010EDCE /* Build configuration list for PBXNativeTarget "XXToolsUITests" */;
			buildPhases = (
				18B29A7963A0287E2F6B3FA1 /* [CP] Check Pods Manifest.lock */,
				FC87242226F432240010EDCE /* Sources */,
				FC87242326F432240010EDCE /* Frameworks */,
				FC87242426F432240010EDCE /* Resources */,
				715A4CCA9DA0CBCD4985C60C /* [CP] Embed Pods Frameworks */,
			);
			buildRules = (
			);
			dependencies = (
				FC87242826F432240010EDCE /* PBXTargetDependency */,
			);
			name = XXToolsUITests;
			productName = toolsUITests;
			productReference = FC87242626F432240010EDCE /* XXToolsUITests.xctest */;
			productType = "com.apple.product-type.bundle.ui-testing";
		};
/* End PBXNativeTarget section */

/* Begin PBXProject section */
		FC8723F826F432210010EDCE /* Project object */ = {
			isa = PBXProject;
			attributes = {
				LastUpgradeCheck = 1250;
				TargetAttributes = {
					FC8723FF26F432210010EDCE = {
						CreatedOnToolsVersion = 12.5.1;
					};
					FC87241A26F432240010EDCE = {
						CreatedOnToolsVersion = 12.5.1;
						TestTargetID = FC8723FF26F432210010EDCE;
					};
					FC87242526F432240010EDCE = {
						CreatedOnToolsVersion = 12.5.1;
						TestTargetID = FC8723FF26F432210010EDCE;
					};
				};
			};
			buildConfigurationList = FC8723FB26F432210010EDCE /* Build configuration list for PBXProject "XXTools" */;
			compatibilityVersion = "Xcode 9.3";
			developmentRegion = en;
			hasScannedForEncodings = 0;
			knownRegions = (
				en,
				Base,
			);
			mainGroup = FC8723F726F432210010EDCE;
			productRefGroup = FC87240126F432210010EDCE /* Products */;
			projectDirPath = "";
			projectRoot = "";
			targets = (
				FC8723FF26F432210010EDCE /* XXTools */,
				FC87241A26F432240010EDCE /* XXToolsTests */,
				FC87242526F432240010EDCE /* XXToolsUITests */,
			);
		};
/* End PBXProject section */

/* Begin PBXResourcesBuildPhase section */
		FC8723FE26F432210010EDCE /* Resources */ = {
			isa = PBXResourcesBuildPhase;
			buildActionMask = 2147483647;
			files = (
				FC87241326F432230010EDCE /* LaunchScreen.storyboard in Resources */,
				FC87241026F432230010EDCE /* Assets.xcassets in Resources */,
				FC87240E26F432210010EDCE /* Main.storyboard in Resources */,
			);
			runOnlyForDeploymentPostprocessing = 0;
		};
		FC87241926F432240010EDCE /* Resources */ = {
			isa = PBXResourcesBuildPhase;
			buildActionMask = 2147483647;
			files = (
			);
			runOnlyForDeploymentPostprocessing = 0;
		};
		FC87242426F432240010EDCE /* Resources */ = {
			isa = PBXResourcesBuildPhase;
			buildActionMask = 2147483647;
			files = (
			);
			runOnlyForDeploymentPostprocessing = 0;
		};
/* End PBXResourcesBuildPhase section */

/* Begin PBXShellScriptBuildPhase section */
		18B29A7963A0287E2F6B3FA1 /* [CP] Check Pods Manifest.lock */ = {
			isa = PBXShellScriptBuildPhase;
			buildActionMask = 2147483647;
			files = (
			);
			inputFileListPaths = (
			);
			inputPaths = (
				"${PODS_PODFILE_DIR_PATH}/Podfile.lock",
				"${PODS_ROOT}/Manifest.lock",
			);
			name = "[CP] Check Pods Manifest.lock";
			outputFileListPaths = (
			);
			outputPaths = (
				"$(DERIVED_FILE_DIR)/Pods-XXTools-XXToolsUITests-checkManifestLockResult.txt",
			);
			runOnlyForDeploymentPostprocessing = 0;
			shellPath = /bin/sh;
			shellScript = "diff \"${PODS_PODFILE_DIR_PATH}/Podfile.lock\" \"${PODS_ROOT}/Manifest.lock\" > /dev/null\nif [ $? != 0 ] ; then\n    # print error to STDERR\n    echo \"error: The sandbox is not in sync with the Podfile.lock. Run 'pod install' or update your CocoaPods installation.\" >&2\n    exit 1\nfi\n# This output is used by Xcode 'outputs' to avoid re-running this script phase.\necho \"SUCCESS\" > \"${SCRIPT_OUTPUT_FILE_0}\"\n";
			showEnvVarsInLog = 0;
		};
		448B993B0807CE02743FCEF3 /* [CP] Check Pods Manifest.lock */ = {
			isa = PBXShellScriptBuildPhase;
			buildActionMask = 2147483647;
			files = (
			);
			inputFileListPaths = (
			);
			inputPaths = (
				"${PODS_PODFILE_DIR_PATH}/Podfile.lock",
				"${PODS_ROOT}/Manifest.lock",
			);
			name = "[CP] Check Pods Manifest.lock";
			outputFileListPaths = (
			);
			outputPaths = (
				"$(DERIVED_FILE_DIR)/Pods-XXToolsTests-checkManifestLockResult.txt",
			);
			runOnlyForDeploymentPostprocessing = 0;
			shellPath = /bin/sh;
			shellScript = "diff \"${PODS_PODFILE_DIR_PATH}/Podfile.lock\" \"${PODS_ROOT}/Manifest.lock\" > /dev/null\nif [ $? != 0 ] ; then\n    # print error to STDERR\n    echo \"error: The sandbox is not in sync with the Podfile.lock. Run 'pod install' or update your CocoaPods installation.\" >&2\n    exit 1\nfi\n# This output is used by Xcode 'outputs' to avoid re-running this script phase.\necho \"SUCCESS\" > \"${SCRIPT_OUTPUT_FILE_0}\"\n";
			showEnvVarsInLog = 0;
		};
		715A4CCA9DA0CBCD4985C60C /* [CP] Embed Pods Frameworks */ = {
			isa = PBXShellScriptBuildPhase;
			buildActionMask = 2147483647;
			files = (
			);
			inputFileListPaths = (
				"${PODS_ROOT}/Target Support Files/Pods-XXTools-XXToolsUITests/Pods-XXTools-XXToolsUITests-frameworks-${CONFIGURATION}-input-files.xcfilelist",
			);
			name = "[CP] Embed Pods Frameworks";
			outputFileListPaths = (
				"${PODS_ROOT}/Target Support Files/Pods-XXTools-XXToolsUITests/Pods-XXTools-XXToolsUITests-frameworks-${CONFIGURATION}-output-files.xcfilelist",
			);
			runOnlyForDeploymentPostprocessing = 0;
			shellPath = /bin/sh;
			shellScript = "\"${PODS_ROOT}/Target Support Files/Pods-XXTools-XXToolsUITests/Pods-XXTools-XXToolsUITests-frameworks.sh\"\n";
			showEnvVarsInLog = 0;
		};
		8C5FD7372EFC90BCBF04A380 /* [CP] Embed Pods Frameworks */ = {
			isa = PBXShellScriptBuildPhase;
			buildActionMask = 2147483647;
			files = (
			);
			inputFileListPaths = (
				"${PODS_ROOT}/Target Support Files/Pods-XXTools/Pods-XXTools-frameworks-${CONFIGURATION}-input-files.xcfilelist",
			);
			name = "[CP] Embed Pods Frameworks";
			outputFileListPaths = (
				"${PODS_ROOT}/Target Support Files/Pods-XXTools/Pods-XXTools-frameworks-${CONFIGURATION}-output-files.xcfilelist",
			);
			runOnlyForDeploymentPostprocessing = 0;
			shellPath = /bin/sh;
			shellScript = "\"${PODS_ROOT}/Target Support Files/Pods-XXTools/Pods-XXTools-frameworks.sh\"\n";
			showEnvVarsInLog = 0;
		};
		C5714B225CF49CCB2A67889E /* [CP] Check Pods Manifest.lock */ = {
			isa = PBXShellScriptBuildPhase;
			buildActionMask = 2147483647;
			files = (
			);
			inputFileListPaths = (
			);
			inputPaths = (
				"${PODS_PODFILE_DIR_PATH}/Podfile.lock",
				"${PODS_ROOT}/Manifest.lock",
			);
			name = "[CP] Check Pods Manifest.lock";
			outputFileListPaths = (
			);
			outputPaths = (
				"$(DERIVED_FILE_DIR)/Pods-XXTools-checkManifestLockResult.txt",
			);
			runOnlyForDeploymentPostprocessing = 0;
			shellPath = /bin/sh;
			shellScript = "diff \"${PODS_PODFILE_DIR_PATH}/Podfile.lock\" \"${PODS_ROOT}/Manifest.lock\" > /dev/null\nif [ $? != 0 ] ; then\n    # print error to STDERR\n    echo \"error: The sandbox is not in sync with the Podfile.lock. Run 'pod install' or update your CocoaPods installation.\" >&2\n    exit 1\nfi\n# This output is used by Xcode 'outputs' to avoid re-running this script phase.\necho \"SUCCESS\" > \"${SCRIPT_OUTPUT_FILE_0}\"\n";
			showEnvVarsInLog = 0;
		};
/* End PBXShellScriptBuildPhase section */

/* Begin PBXSourcesBuildPhase section */
		FC8723FC26F432210010EDCE /* Sources */ = {
			isa = PBXSourcesBuildPhase;
			buildActionMask = 2147483647;
			files = (
				FC87248A26F4358E0010EDCE /* CheckTool.m in Sources */,
				FC87249126F4358E0010EDCE /* XXButton.m in Sources */,
				FC87248826F4358E0010EDCE /* AnimationTool.m in Sources */,
				FC87240B26F432210010EDCE /* ViewController.m in Sources */,
				FC87249D26F4358E0010EDCE /* UIImage+Extension.m in Sources */,
				FC8724A426F4C7C30010EDCE /* XXBaseViewController.m in Sources */,
				FC87249F26F4358E0010EDCE /* UIView+Extension.m in Sources */,
				FC87248426F4358E0010EDCE /* DateTool.m in Sources */,
				FC87248626F4358E0010EDCE /* MainScreenConfig.m in Sources */,
				FC87248B26F4358E0010EDCE /* GravityInductionTool.m in Sources */,
				FC87249026F4358E0010EDCE /* XXTextView.m in Sources */,
				FC87248126F4358E0010EDCE /* Tools.m in Sources */,
				FC87240526F432210010EDCE /* AppDelegate.m in Sources */,
				FC87248726F4358E0010EDCE /* UserDefaultTool.m in Sources */,
				FC87249B26F4358E0010EDCE /* UIControl+Extension.m in Sources */,
				FC87249A26F4358E0010EDCE /* UILabel+Extension.m in Sources */,
				FC87249E26F4358E0010EDCE /* UIButton+Extension.m in Sources */,
				FC87248226F4358E0010EDCE /* EncryptTool.m in Sources */,
				FC87241626F432230010EDCE /* main.m in Sources */,
				FC87248C26F4358E0010EDCE /* StringTool.m in Sources */,
				FC87248026F4358E0010EDCE /* ImageTool.m in Sources */,
				FC8724A126F436210010EDCE /* XXTextField.m in Sources */,
				FC87249C26F4358E0010EDCE /* UIViewController+Extension.m in Sources */,
				FC87248526F4358E0010EDCE /* SandBoxTool.m in Sources */,
				FC87248926F4358E0010EDCE /* TransformTool.m in Sources */,
				FC87248F26F4358E0010EDCE /* XXLabel.m in Sources */,
			);
			runOnlyForDeploymentPostprocessing = 0;
		};
		FC87241726F432240010EDCE /* Sources */ = {
			isa = PBXSourcesBuildPhase;
			buildActionMask = 2147483647;
			files = (
			);
			runOnlyForDeploymentPostprocessing = 0;
		};
		FC87242226F432240010EDCE /* Sources */ = {
			isa = PBXSourcesBuildPhase;
			buildActionMask = 2147483647;
			files = (
			);
			runOnlyForDeploymentPostprocessing = 0;
		};
/* End PBXSourcesBuildPhase section */

/* Begin PBXTargetDependency section */
		FC87241D26F432240010EDCE /* PBXTargetDependency */ = {
			isa = PBXTargetDependency;
			target = FC8723FF26F432210010EDCE /* XXTools */;
			targetProxy = FC87241C26F432240010EDCE /* PBXContainerItemProxy */;
		};
		FC87242826F432240010EDCE /* PBXTargetDependency */ = {
			isa = PBXTargetDependency;
			target = FC8723FF26F432210010EDCE /* XXTools */;
			targetProxy = FC87242726F432240010EDCE /* PBXContainerItemProxy */;
		};
/* End PBXTargetDependency section */

/* Begin PBXVariantGroup section */
		FC87240C26F432210010EDCE /* Main.storyboard */ = {
			isa = PBXVariantGroup;
			children = (
				FC87240D26F432210010EDCE /* Base */,
			);
			name = Main.storyboard;
			sourceTree = "<group>";
		};
		FC87241126F432230010EDCE /* LaunchScreen.storyboard */ = {
			isa = PBXVariantGroup;
			children = (
				FC87241226F432230010EDCE /* Base */,
			);
			name = LaunchScreen.storyboard;
			sourceTree = "<group>";
		};
/* End PBXVariantGroup section */

/* Begin XCBuildConfiguration section */
		FC87242D26F432240010EDCE /* Debug */ = {
			isa = XCBuildConfiguration;
			buildSettings = {
				ALWAYS_SEARCH_USER_PATHS = NO;
				CLANG_ANALYZER_NONNULL = YES;
				CLANG_ANALYZER_NUMBER_OBJECT_CONVERSION = YES_AGGRESSIVE;
				CLANG_CXX_LANGUAGE_STANDARD = "gnu++14";
				CLANG_CXX_LIBRARY = "libc++";
				CLANG_ENABLE_MODULES = YES;
				CLANG_ENABLE_OBJC_ARC = YES;
				CLANG_ENABLE_OBJC_WEAK = YES;
				CLANG_WARN_BLOCK_CAPTURE_AUTORELEASING = YES;
				CLANG_WARN_BOOL_CONVERSION = YES;
				CLANG_WARN_COMMA = YES;
				CLANG_WARN_CONSTANT_CONVERSION = YES;
				CLANG_WARN_DEPRECATED_OBJC_IMPLEMENTATIONS = YES;
				CLANG_WARN_DIRECT_OBJC_ISA_USAGE = YES_ERROR;
				CLANG_WARN_DOCUMENTATION_COMMENTS = YES;
				CLANG_WARN_EMPTY_BODY = YES;
				CLANG_WARN_ENUM_CONVERSION = YES;
				CLANG_WARN_INFINITE_RECURSION = YES;
				CLANG_WARN_INT_CONVERSION = YES;
				CLANG_WARN_NON_LITERAL_NULL_CONVERSION = YES;
				CLANG_WARN_OBJC_IMPLICIT_RETAIN_SELF = YES;
				CLANG_WARN_OBJC_LITERAL_CONVERSION = YES;
				CLANG_WARN_OBJC_ROOT_CLASS = YES_ERROR;
				CLANG_WARN_QUOTED_INCLUDE_IN_FRAMEWORK_HEADER = YES;
				CLANG_WARN_RANGE_LOOP_ANALYSIS = YES;
				CLANG_WARN_STRICT_PROTOTYPES = YES;
				CLANG_WARN_SUSPICIOUS_MOVE = YES;
				CLANG_WARN_UNGUARDED_AVAILABILITY = YES_AGGRESSIVE;
				CLANG_WARN_UNREACHABLE_CODE = YES;
				CLANG_WARN__DUPLICATE_METHOD_MATCH = YES;
				COPY_PHASE_STRIP = NO;
				DEBUG_INFORMATION_FORMAT = dwarf;
				ENABLE_STRICT_OBJC_MSGSEND = YES;
				ENABLE_TESTABILITY = YES;
				GCC_C_LANGUAGE_STANDARD = gnu11;
				GCC_DYNAMIC_NO_PIC = NO;
				GCC_NO_COMMON_BLOCKS = YES;
				GCC_OPTIMIZATION_LEVEL = 0;
				GCC_PREPROCESSOR_DEFINITIONS = (
					"DEBUG=1",
					"$(inherited)",
				);
				GCC_WARN_64_TO_32_BIT_CONVERSION = YES;
				GCC_WARN_ABOUT_RETURN_TYPE = YES_ERROR;
				GCC_WARN_UNDECLARED_SELECTOR = YES;
				GCC_WARN_UNINITIALIZED_AUTOS = YES_AGGRESSIVE;
				GCC_WARN_UNUSED_FUNCTION = YES;
				GCC_WARN_UNUSED_VARIABLE = YES;
				IPHONEOS_DEPLOYMENT_TARGET = 14.5;
				MTL_ENABLE_DEBUG_INFO = INCLUDE_SOURCE;
				MTL_FAST_MATH = YES;
				ONLY_ACTIVE_ARCH = YES;
				SDKROOT = iphoneos;
			};
			name = Debug;
		};
		FC87242E26F432240010EDCE /* Release */ = {
			isa = XCBuildConfiguration;
			buildSettings = {
				ALWAYS_SEARCH_USER_PATHS = NO;
				CLANG_ANALYZER_NONNULL = YES;
				CLANG_ANALYZER_NUMBER_OBJECT_CONVERSION = YES_AGGRESSIVE;
				CLANG_CXX_LANGUAGE_STANDARD = "gnu++14";
				CLANG_CXX_LIBRARY = "libc++";
				CLANG_ENABLE_MODULES = YES;
				CLANG_ENABLE_OBJC_ARC = YES;
				CLANG_ENABLE_OBJC_WEAK = YES;
				CLANG_WARN_BLOCK_CAPTURE_AUTORELEASING = YES;
				CLANG_WARN_BOOL_CONVERSION = YES;
				CLANG_WARN_COMMA = YES;
				CLANG_WARN_CONSTANT_CONVERSION = YES;
				CLANG_WARN_DEPRECATED_OBJC_IMPLEMENTATIONS = YES;
				CLANG_WARN_DIRECT_OBJC_ISA_USAGE = YES_ERROR;
				CLANG_WARN_DOCUMENTATION_COMMENTS = YES;
				CLANG_WARN_EMPTY_BODY = YES;
				CLANG_WARN_ENUM_CONVERSION = YES;
				CLANG_WARN_INFINITE_RECURSION = YES;
				CLANG_WARN_INT_CONVERSION = YES;
				CLANG_WARN_NON_LITERAL_NULL_CONVERSION = YES;
				CLANG_WARN_OBJC_IMPLICIT_RETAIN_SELF = YES;
				CLANG_WARN_OBJC_LITERAL_CONVERSION = YES;
				CLANG_WARN_OBJC_ROOT_CLASS = YES_ERROR;
				CLANG_WARN_QUOTED_INCLUDE_IN_FRAMEWORK_HEADER = YES;
				CLANG_WARN_RANGE_LOOP_ANALYSIS = YES;
				CLANG_WARN_STRICT_PROTOTYPES = YES;
				CLANG_WARN_SUSPICIOUS_MOVE = YES;
				CLANG_WARN_UNGUARDED_AVAILABILITY = YES_AGGRESSIVE;
				CLANG_WARN_UNREACHABLE_CODE = YES;
				CLANG_WARN__DUPLICATE_METHOD_MATCH = YES;
				COPY_PHASE_STRIP = NO;
				DEBUG_INFORMATION_FORMAT = "dwarf-with-dsym";
				ENABLE_NS_ASSERTIONS = NO;
				ENABLE_STRICT_OBJC_MSGSEND = YES;
				GCC_C_LANGUAGE_STANDARD = gnu11;
				GCC_NO_COMMON_BLOCKS = YES;
				GCC_WARN_64_TO_32_BIT_CONVERSION = YES;
				GCC_WARN_ABOUT_RETURN_TYPE = YES_ERROR;
				GCC_WARN_UNDECLARED_SELECTOR = YES;
				GCC_WARN_UNINITIALIZED_AUTOS = YES_AGGRESSIVE;
				GCC_WARN_UNUSED_FUNCTION = YES;
				GCC_WARN_UNUSED_VARIABLE = YES;
				IPHONEOS_DEPLOYMENT_TARGET = 14.5;
				MTL_ENABLE_DEBUG_INFO = NO;
				MTL_FAST_MATH = YES;
				SDKROOT = iphoneos;
				VALIDATE_PRODUCT = YES;
			};
			name = Release;
		};
		FC87243026F432240010EDCE /* Debug */ = {
			isa = XCBuildConfiguration;
			baseConfigurationReference = F45C3A9CEAADDB41B6587EA5 /* Pods-XXTools.debug.xcconfig */;
			buildSettings = {
				ASSETCATALOG_COMPILER_APPICON_NAME = AppIcon;
				ASSETCATALOG_COMPILER_GLOBAL_ACCENT_COLOR_NAME = AccentColor;
				CODE_SIGN_STYLE = Automatic;
				DEVELOPMENT_TEAM = C8CUK24KSS;
				INFOPLIST_FILE = XXTools/Info.plist;
				LD_RUNPATH_SEARCH_PATHS = (
					"$(inherited)",
					"@executable_path/Frameworks",
				);
				PRODUCT_BUNDLE_IDENTIFIER = com.qh.tools;
				PRODUCT_NAME = "$(TARGET_NAME)";
				TARGETED_DEVICE_FAMILY = "1,2";
			};
			name = Debug;
		};
		FC87243126F432240010EDCE /* Release */ = {
			isa = XCBuildConfiguration;
			baseConfigurationReference = 3B75D908671E75C0865F0DD5 /* Pods-XXTools.release.xcconfig */;
			buildSettings = {
				ASSETCATALOG_COMPILER_APPICON_NAME = AppIcon;
				ASSETCATALOG_COMPILER_GLOBAL_ACCENT_COLOR_NAME = AccentColor;
				CODE_SIGN_STYLE = Automatic;
				DEVELOPMENT_TEAM = C8CUK24KSS;
				INFOPLIST_FILE = XXTools/Info.plist;
				LD_RUNPATH_SEARCH_PATHS = (
					"$(inherited)",
					"@executable_path/Frameworks",
				);
				PRODUCT_BUNDLE_IDENTIFIER = com.qh.tools;
				PRODUCT_NAME = "$(TARGET_NAME)";
				TARGETED_DEVICE_FAMILY = "1,2";
			};
			name = Release;
		};
		FC87243326F432240010EDCE /* Debug */ = {
			isa = XCBuildConfiguration;
			baseConfigurationReference = 01E489A8C3FCC7CA5353BBFE /* Pods-XXToolsTests.debug.xcconfig */;
			buildSettings = {
				BUNDLE_LOADER = "$(TEST_HOST)";
				CODE_SIGN_STYLE = Automatic;
				DEVELOPMENT_TEAM = C8CUK24KSS;
				INFOPLIST_FILE = toolsTests/Info.plist;
				IPHONEOS_DEPLOYMENT_TARGET = 14.5;
				LD_RUNPATH_SEARCH_PATHS = (
					"$(inherited)",
					"@executable_path/Frameworks",
					"@loader_path/Frameworks",
				);
				PRODUCT_BUNDLE_IDENTIFIER = com.qh.toolsTests;
				PRODUCT_NAME = "$(TARGET_NAME)";
				TARGETED_DEVICE_FAMILY = "1,2";
				TEST_HOST = "$(BUILT_PRODUCTS_DIR)/XXTools.app/XXTools";
			};
			name = Debug;
		};
		FC87243426F432240010EDCE /* Release */ = {
			isa = XCBuildConfiguration;
			baseConfigurationReference = 910373C6D4279ED9F23E0062 /* Pods-XXToolsTests.release.xcconfig */;
			buildSettings = {
				BUNDLE_LOADER = "$(TEST_HOST)";
				CODE_SIGN_STYLE = Automatic;
				DEVELOPMENT_TEAM = C8CUK24KSS;
				INFOPLIST_FILE = toolsTests/Info.plist;
				IPHONEOS_DEPLOYMENT_TARGET = 14.5;
				LD_RUNPATH_SEARCH_PATHS = (
					"$(inherited)",
					"@executable_path/Frameworks",
					"@loader_path/Frameworks",
				);
				PRODUCT_BUNDLE_IDENTIFIER = com.qh.toolsTests;
				PRODUCT_NAME = "$(TARGET_NAME)";
				TARGETED_DEVICE_FAMILY = "1,2";
				TEST_HOST = "$(BUILT_PRODUCTS_DIR)/XXTools.app/XXTools";
			};
			name = Release;
		};
		FC87243626F432240010EDCE /* Debug */ = {
			isa = XCBuildConfiguration;
			baseConfigurationReference = 294417A47F4EF85792B00DCE /* Pods-XXTools-XXToolsUITests.debug.xcconfig */;
			buildSettings = {
				CODE_SIGN_STYLE = Automatic;
				DEVELOPMENT_TEAM = C8CUK24KSS;
				INFOPLIST_FILE = toolsUITests/Info.plist;
				LD_RUNPATH_SEARCH_PATHS = (
					"$(inherited)",
					"@executable_path/Frameworks",
					"@loader_path/Frameworks",
				);
				PRODUCT_BUNDLE_IDENTIFIER = com.qh.toolsUITests;
				PRODUCT_NAME = "$(TARGET_NAME)";
				TARGETED_DEVICE_FAMILY = "1,2";
				TEST_TARGET_NAME = tools;
			};
			name = Debug;
		};
		FC87243726F432240010EDCE /* Release */ = {
			isa = XCBuildConfiguration;
			baseConfigurationReference = 53653998DC93F6C8FB2A487E /* Pods-XXTools-XXToolsUITests.release.xcconfig */;
			buildSettings = {
				CODE_SIGN_STYLE = Automatic;
				DEVELOPMENT_TEAM = C8CUK24KSS;
				INFOPLIST_FILE = toolsUITests/Info.plist;
				LD_RUNPATH_SEARCH_PATHS = (
					"$(inherited)",
					"@executable_path/Frameworks",
					"@loader_path/Frameworks",
				);
				PRODUCT_BUNDLE_IDENTIFIER = com.qh.toolsUITests;
				PRODUCT_NAME = "$(TARGET_NAME)";
				TARGETED_DEVICE_FAMILY = "1,2";
				TEST_TARGET_NAME = tools;
			};
			name = Release;
		};
/* End XCBuildConfiguration section */

/* Begin XCConfigurationList section */
		FC8723FB26F432210010EDCE /* Build configuration list for PBXProject "XXTools" */ = {
			isa = XCConfigurationList;
			buildConfigurations = (
				FC87242D26F432240010EDCE /* Debug */,
				FC87242E26F432240010EDCE /* Release */,
			);
			defaultConfigurationIsVisible = 0;
			defaultConfigurationName = Release;
		};
		FC87242F26F432240010EDCE /* Build configuration list for PBXNativeTarget "XXTools" */ = {
			isa = XCConfigurationList;
			buildConfigurations = (
				FC87243026F432240010EDCE /* Debug */,
				FC87243126F432240010EDCE /* Release */,
			);
			defaultConfigurationIsVisible = 0;
			defaultConfigurationName = Release;
		};
		FC87243226F432240010EDCE /* Build configuration list for PBXNativeTarget "XXToolsTests" */ = {
			isa = XCConfigurationList;
			buildConfigurations = (
				FC87243326F432240010EDCE /* Debug */,
				FC87243426F432240010EDCE /* Release */,
			);
			defaultConfigurationIsVisible = 0;
			defaultConfigurationName = Release;
		};
		FC87243526F432240010EDCE /* Build configuration list for PBXNativeTarget "XXToolsUITests" */ = {
			isa = XCConfigurationList;
			buildConfigurations = (
				FC87243626F432240010EDCE /* Debug */,
				FC87243726F432240010EDCE /* Release */,
			);
			defaultConfigurationIsVisible = 0;
			defaultConfigurationName = Release;
		};
/* End XCConfigurationList section */
	};
	rootObject = FC8723F826F432210010EDCE /* Project object */;
}
